
Microsoft Visual Studio Solution File, Format Version 12.00
# Visual Studio Version 16
VisualStudioVersion = 16.0.29926.136
MinimumVisualStudioVersion = 10.0.40219.1
Project("{9A19103F-16F7-4668-BE54-9A1E7A4F7556}") = "AspNetCore.StarWars", "AspNetCore.StarWars.csproj", "{BCC94044-2FAB-4969-B60F-E8596BDBDBEC}"
EndProject
Global
	GlobalSection(SolutionConfigurationPlatforms) = preSolution
		Debug|Any CPU = Debug|Any CPU
		Release|Any CPU = Release|Any CPU
	EndGlobalSection
	GlobalSection(ProjectConfigurationPlatforms) = postSolution
		{BCC94044-2FAB-4969-B60F-E8596BDBDBEC}.Debug|Any CPU.ActiveCfg = Debug|Any CPU
		{BCC94044-2FAB-4969-B60F-E8596BDBDBEC}.Debug|Any CPU.Build.0 = Debug|Any CPU
		{BCC94044-2FAB-4969-B60F-E8596BDBDBEC}.Release|Any CPU.ActiveCfg = Release|Any CPU
		{BCC94044-2FAB-4969-B60F-E8596BDBDBEC}.Release|Any CPU.Build.0 = Release|Any CPU
	EndGlobalSection
	GlobalSection(SolutionProperties) = preSolution
		HideSolutionNode = FALSE
	EndGlobalSection
	GlobalSection(ExtensibilityGlobals) = postSolution
		SolutionGuid = {A040F113-40A0-42B5-893A-40F1E5AFA053}
	EndGlobalSection
EndGlobal
